
Microsoft Visual Studio Solution File, Format Version 12.00
# Visual Studio Version 17
VisualStudioVersion = 17.0.31912.275
MinimumVisualStudioVersion = 10.0.40219.1
Project("{E24C65DC-7377-472B-9ABA-BC803B73C61A}") = "bootstrap-3.3.5", "http://localhost:28160", "{EBACC6B4-A903-4B5A-B18F-AE14E39D8E2D}"
	ProjectSection(WebsiteProperties) = preProject
		UseIISExpress = "true"
		TargetFrameworkMoniker = ".NETFramework,Version%3Dv4.5"
		Debug.AspNetCompiler.VirtualPath = "/localhost_28160"
		Debug.AspNetCompiler.PhysicalPath = "bootstrap-3.3.5\"
		Debug.AspNetCompiler.TargetPath = "PrecompiledWeb\localhost_28160\"
		Debug.AspNetCompiler.Updateable = "true"
		Debug.AspNetCompiler.ForceOverwrite = "true"
		Debug.AspNetCompiler.FixedNames = "false"
		Debug.AspNetCompiler.Debug = "True"
		Release.AspNetCompiler.VirtualPath = "/localhost_28160"
		Release.AspNetCompiler.PhysicalPath = "bootstrap-3.3.5\"
		Release.AspNetCompiler.TargetPath = "PrecompiledWeb\localhost_28160\"
		Release.AspNetCompiler.Updateable = "true"
		Release.AspNetCompiler.ForceOverwrite = "true"
		Release.AspNetCompiler.FixedNames = "false"
		Release.AspNetCompiler.Debug = "False"
		SlnRelativePath = "bootstrap-3.3.5\"
	EndProjectSection
EndProject
Project("{FAE04EC0-301F-11D3-BF4B-00C04F79EFBC}") = "CompanyRecMvc", "CompanyRecMvc\CompanyRecMvc.csproj", "{DCB17217-109C-4849-99A4-A55E737146BB}"
EndProject
Global
	GlobalSection(SolutionConfigurationPlatforms) = preSolution
		Debug|Any CPU = Debug|Any CPU
		Release|Any CPU = Release|Any CPU
	EndGlobalSection
	GlobalSection(ProjectConfigurationPlatforms) = postSolution
		{EBACC6B4-A903-4B5A-B18F-AE14E39D8E2D}.Debug|Any CPU.ActiveCfg = Debug|Any CPU
		{EBACC6B4-A903-4B5A-B18F-AE14E39D8E2D}.Debug|Any CPU.Build.0 = Debug|Any CPU
		{EBACC6B4-A903-4B5A-B18F-AE14E39D8E2D}.Release|Any CPU.ActiveCfg = Debug|Any CPU
		{EBACC6B4-A903-4B5A-B18F-AE14E39D8E2D}.Release|Any CPU.Build.0 = Debug|Any CPU
		{DCB17217-109C-4849-99A4-A55E737146BB}.Debug|Any CPU.ActiveCfg = Debug|Any CPU
		{DCB17217-109C-4849-99A4-A55E737146BB}.Debug|Any CPU.Build.0 = Debug|Any CPU
		{DCB17217-109C-4849-99A4-A55E737146BB}.Release|Any CPU.ActiveCfg = Release|Any CPU
		{DCB17217-109C-4849-99A4-A55E737146BB}.Release|Any CPU.Build.0 = Release|Any CPU
	EndGlobalSection
	GlobalSection(SolutionProperties) = preSolution
		HideSolutionNode = FALSE
	EndGlobalSection
	GlobalSection(ExtensibilityGlobals) = postSolution
		SolutionGuid = {9FFF12FD-F510-4A9E-A93D-96EC149D60AA}
	EndGlobalSection
EndGlobal
